
Microsoft Visual Studio Solution File, Format Version 12.00
# Visual Studio Version 17
VisualStudioVersion = 17.5.33414.496
MinimumVisualStudioVersion = 10.0.40219.1
Project("{FAE04EC0-301F-11D3-BF4B-00C04F79EFBC}") = "Csharp-algoritm2", "Csharp-algoritm2\Csharp-algoritm2.csproj", "{0A1CF89F-A7DC-4FE4-90BF-4863F5821CFA}"
EndProject
Global
	GlobalSection(SolutionConfigurationPlatforms) = preSolution
		Debug|Any CPU = Debug|Any CPU
		Release|Any CPU = Release|Any CPU
	EndGlobalSection
	GlobalSection(ProjectConfigurationPlatforms) = postSolution
		{0A1CF89F-A7DC-4FE4-90BF-4863F5821CFA}.Debug|Any CPU.ActiveCfg = Debug|Any CPU
		{0A1CF89F-A7DC-4FE4-90BF-4863F5821CFA}.Debug|Any CPU.Build.0 = Debug|Any CPU
		{0A1CF89F-A7DC-4FE4-90BF-4863F5821CFA}.Release|Any CPU.ActiveCfg = Release|Any CPU
		{0A1CF89F-A7DC-4FE4-90BF-4863F5821CFA}.Release|Any CPU.Build.0 = Release|Any CPU
	EndGlobalSection
	GlobalSection(SolutionProperties) = preSolution
		HideSolutionNode = FALSE
	EndGlobalSection
	GlobalSection(ExtensibilityGlobals) = postSolution
		SolutionGuid = {B641BCF8-F2BC-4594-88E1-6EF7804A0765}
	EndGlobalSection
EndGlobal
